
Microsoft Visual Studio Solution File, Format Version 12.00
# Visual Studio Version 17
VisualStudioVersion = 17.3.32922.545
MinimumVisualStudioVersion = 10.0.40219.1
Project("{FAE04EC0-301F-11D3-BF4B-00C04F79EFBC}") = "Next Level", "Next Level\Next Level.csproj", "{FCA369F8-85B9-4E0C-A823-1AE8D5082B77}"
EndProject
Global
	GlobalSection(SolutionConfigurationPlatforms) = preSolution
		Debug|Any CPU = Debug|Any CPU
		Release|Any CPU = Release|Any CPU
	EndGlobalSection
	GlobalSection(ProjectConfigurationPlatforms) = postSolution
		{FCA369F8-85B9-4E0C-A823-1AE8D5082B77}.Debug|Any CPU.ActiveCfg = Debug|Any CPU
		{FCA369F8-85B9-4E0C-A823-1AE8D5082B77}.Debug|Any CPU.Build.0 = Debug|Any CPU
		{FCA369F8-85B9-4E0C-A823-1AE8D5082B77}.Release|Any CPU.ActiveCfg = Release|Any CPU
		{FCA369F8-85B9-4E0C-A823-1AE8D5082B77}.Release|Any CPU.Build.0 = Release|Any CPU
	EndGlobalSection
	GlobalSection(SolutionProperties) = preSolution
		HideSolutionNode = FALSE
	EndGlobalSection
	GlobalSection(ExtensibilityGlobals) = postSolution
		SolutionGuid = {23CCC61E-68F9-416B-B4D9-1390D5C365E8}
	EndGlobalSection
EndGlobal
